
Microsoft Visual Studio Solution File, Format Version 12.00
# Visual Studio Version 17
VisualStudioVersion = 17.1.32328.378
MinimumVisualStudioVersion = 10.0.40219.1
Project("{FAE04EC0-301F-11D3-BF4B-00C04F79EFBC}") = "Thermometer", "Thermometer\Thermometer.csproj", "{CB4601A5-303F-4CA6-8AA5-D2DE62E1C2E3}"
EndProject
Global
	GlobalSection(SolutionConfigurationPlatforms) = preSolution
		Debug|Any CPU = Debug|Any CPU
		Release|Any CPU = Release|Any CPU
	EndGlobalSection
	GlobalSection(ProjectConfigurationPlatforms) = postSolution
		{CB4601A5-303F-4CA6-8AA5-D2DE62E1C2E3}.Debug|Any CPU.ActiveCfg = Debug|Any CPU
		{CB4601A5-303F-4CA6-8AA5-D2DE62E1C2E3}.Debug|Any CPU.Build.0 = Debug|Any CPU
		{CB4601A5-303F-4CA6-8AA5-D2DE62E1C2E3}.Release|Any CPU.ActiveCfg = Release|Any CPU
		{CB4601A5-303F-4CA6-8AA5-D2DE62E1C2E3}.Release|Any CPU.Build.0 = Release|Any CPU
	EndGlobalSection
	GlobalSection(SolutionProperties) = preSolution
		HideSolutionNode = FALSE
	EndGlobalSection
	GlobalSection(ExtensibilityGlobals) = postSolution
		SolutionGuid = {AA0780D8-77D3-4A5F-A070-DB998588BC2E}
	EndGlobalSection
EndGlobal
